Microsoft Visual Studio Solution File, Format Version 12.00
# Visual Studio Version 16
VisualStudioVersion = 16.0.0.0
MinimumVisualStudioVersion = 16.0.0.0
Project("{9A19103F-16F7-4668-BE54-9A1E7A4F7556}") = "DAMWeb.Server", "Server\DAMWeb.Server.csproj", "{BF0F39F0-B8C3-47A7-9264-F4488D37FBE2}"
EndProject
Project("{9A19103F-16F7-4668-BE54-9A1E7A4F7556}") = "DAMWeb.Client", "Client\DAMWeb.Client.csproj", "{6817DEBA-0A0F-4370-AC96-11D6679F5D82}"
EndProject
Project("{9A19103F-16F7-4668-BE54-9A1E7A4F7556}") = "DAMWeb.Shared", "Shared\DAMWeb.Shared.csproj", "{42D2DBBF-93EC-4F32-8591-C5ED318BA146}"
EndProject
Global
	GlobalSection(SolutionConfigurationPlatforms) = preSolution
		Debug|Any CPU = Debug|Any CPU
		Debug|x64 = Debug|x64
		Debug|x86 = Debug|x86
		Release|Any CPU = Release|Any CPU
		Release|x64 = Release|x64
		Release|x86 = Release|x86
	EndGlobalSection
	GlobalSection(ProjectConfigurationPlatforms) = postSolution
		{6817DEBA-0A0F-4370-AC96-11D6679F5D82}.Debug|Any CPU.ActiveCfg = Debug|Any CPU
		{6817DEBA-0A0F-4370-AC96-11D6679F5D82}.Debug|Any CPU.Build.0 = Debug|Any CPU
		{6817DEBA-0A0F-4370-AC96-11D6679F5D82}.Debug|x64.ActiveCfg = Debug|Any CPU
		{6817DEBA-0A0F-4370-AC96-11D6679F5D82}.Debug|x64.Build.0 = Debug|Any CPU
		{6817DEBA-0A0F-4370-AC96-11D6679F5D82}.Debug|x86.ActiveCfg = Debug|Any CPU
		{6817DEBA-0A0F-4370-AC96-11D6679F5D82}.Debug|x86.Build.0 = Debug|Any CPU
		{6817DEBA-0A0F-4370-AC96-11D6679F5D82}.Release|Any CPU.ActiveCfg = Release|Any CPU
		{6817DEBA-0A0F-4370-AC96-11D6679F5D82}.Release|Any CPU.Build.0 = Release|Any CPU
		{6817DEBA-0A0F-4370-AC96-11D6679F5D82}.Release|x64.ActiveCfg = Release|Any CPU
		{6817DEBA-0A0F-4370-AC96-11D6679F5D82}.Release|x64.Build.0 = Release|Any CPU
		{6817DEBA-0A0F-4370-AC96-11D6679F5D82}.Release|x86.ActiveCfg = Release|Any CPU
		{6817DEBA-0A0F-4370-AC96-11D6679F5D82}.Release|x86.Build.0 = Release|Any CPU
		{BF0F39F0-B8C3-47A7-9264-F4488D37FBE2}.Debug|Any CPU.ActiveCfg = Debug|Any CPU
		{BF0F39F0-B8C3-47A7-9264-F4488D37FBE2}.Debug|Any CPU.Build.0 = Debug|Any CPU
		{BF0F39F0-B8C3-47A7-9264-F4488D37FBE2}.Debug|x64.ActiveCfg = Debug|Any CPU
		{BF0F39F0-B8C3-47A7-9264-F4488D37FBE2}.Debug|x64.Build.0 = Debug|Any CPU
		{BF0F39F0-B8C3-47A7-9264-F4488D37FBE2}.Debug|x86.ActiveCfg = Debug|Any CPU
		{BF0F39F0-B8C3-47A7-9264-F4488D37FBE2}.Debug|x86.Build.0 = Debug|Any CPU
		{BF0F39F0-B8C3-47A7-9264-F4488D37FBE2}.Release|Any CPU.ActiveCfg = Release|Any CPU
		{BF0F39F0-B8C3-47A7-9264-F4488D37FBE2}.Release|Any CPU.Build.0 = Release|Any CPU
		{BF0F39F0-B8C3-47A7-9264-F4488D37FBE2}.Release|x64.ActiveCfg = Release|Any CPU
		{BF0F39F0-B8C3-47A7-9264-F4488D37FBE2}.Release|x64.Build.0 = Release|Any CPU
		{BF0F39F0-B8C3-47A7-9264-F4488D37FBE2}.Release|x86.ActiveCfg = Release|Any CPU
		{BF0F39F0-B8C3-47A7-9264-F4488D37FBE2}.Release|x86.Build.0 = Release|Any CPU
		{42D2DBBF-93EC-4F32-8591-C5ED318BA146}.Debug|Any CPU.ActiveCfg = Debug|Any CPU
		{42D2DBBF-93EC-4F32-8591-C5ED318BA146}.Debug|Any CPU.Build.0 = Debug|Any CPU
		{42D2DBBF-93EC-4F32-8591-C5ED318BA146}.Debug|x64.ActiveCfg = Debug|Any CPU
		{42D2DBBF-93EC-4F32-8591-C5ED318BA146}.Debug|x64.Build.0 = Debug|Any CPU
		{42D2DBBF-93EC-4F32-8591-C5ED318BA146}.Debug|x86.ActiveCfg = Debug|Any CPU
		{42D2DBBF-93EC-4F32-8591-C5ED318BA146}.Debug|x86.Build.0 = Debug|Any CPU
		{42D2DBBF-93EC-4F32-8591-C5ED318BA146}.Release|Any CPU.ActiveCfg = Release|Any CPU
		{42D2DBBF-93EC-4F32-8591-C5ED318BA146}.Release|Any CPU.Build.0 = Release|Any CPU
		{42D2DBBF-93EC-4F32-8591-C5ED318BA146}.Release|x64.ActiveCfg = Release|Any CPU
		{42D2DBBF-93EC-4F32-8591-C5ED318BA146}.Release|x64.Build.0 = Release|Any CPU
		{42D2DBBF-93EC-4F32-8591-C5ED318BA146}.Release|x86.ActiveCfg = Release|Any CPU
		{42D2DBBF-93EC-4F32-8591-C5ED318BA146}.Release|x86.Build.0 = Release|Any CPU
	EndGlobalSection
	GlobalSection(SolutionProperties) = preSolution
		HideSolutionNode = FALSE
	EndGlobalSection
	GlobalSection(ExtensibilityGlobals) = postSolution
		SolutionGuid = {76D815C1-FFE5-4338-9DF3-CF0E34FA6D38}
	EndGlobalSection
EndGlobal